
Microsoft Visual Studio Solution File, Format Version 12.00
# Visual Studio Version 16
VisualStudioVersion = 16.0.31005.135
MinimumVisualStudioVersion = 10.0.40219.1
Project("{FAE04EC0-301F-11D3-BF4B-00C04F79EFBC}") = "ClassMetotDemo", "ClassMetotDemo\ClassMetotDemo.csproj", "{D268FBE3-4BE7-4D2B-BF31-8F38495D53AA}"
EndProject
Global
	GlobalSection(SolutionConfigurationPlatforms) = preSolution
		Debug|Any CPU = Debug|Any CPU
		Release|Any CPU = Release|Any CPU
	EndGlobalSection
	GlobalSection(ProjectConfigurationPlatforms) = postSolution
		{D268FBE3-4BE7-4D2B-BF31-8F38495D53AA}.Debug|Any CPU.ActiveCfg = Debug|Any CPU
		{D268FBE3-4BE7-4D2B-BF31-8F38495D53AA}.Debug|Any CPU.Build.0 = Debug|Any CPU
		{D268FBE3-4BE7-4D2B-BF31-8F38495D53AA}.Release|Any CPU.ActiveCfg = Release|Any CPU
		{D268FBE3-4BE7-4D2B-BF31-8F38495D53AA}.Release|Any CPU.Build.0 = Release|Any CPU
	EndGlobalSection
	GlobalSection(SolutionProperties) = preSolution
		HideSolutionNode = FALSE
	EndGlobalSection
	GlobalSection(ExtensibilityGlobals) = postSolution
		SolutionGuid = {FF095454-EC5E-4BDE-98C9-2876402DF5A0}
	EndGlobalSection
EndGlobal
